
Microsoft Visual Studio Solution File, Format Version 12.00
# Visual Studio Version 16
VisualStudioVersion = 16.0.29102.190
MinimumVisualStudioVersion = 10.0.40219.1
Project("{8BC9CEB8-8B4A-11D0-8D11-00A0C91BC942}") = "UsingAnArray", "UsingAnArray\UsingAnArray.vcxproj", "{F17A7083-4F3C-4C61-BD51-50B65944A18C}"
EndProject
Project("{8BC9CEB8-8B4A-11D0-8D11-00A0C91BC942}") = "IndexedVariableAsArgument", "IndexedVariableAsArgument\IndexedVariableAsArgument.vcxproj", "{0CE7DF27-D419-4E3E-AAC4-5A8BEDDD1A1F}"
EndProject
Project("{8BC9CEB8-8B4A-11D0-8D11-00A0C91BC942}") = "FunctionWihArrayParameter", "FunctionWihArrayParameter\FunctionWihArrayParameter.vcxproj", "{69A57FA4-6FC9-406E-BF79-6E28AC9BA933}"
EndProject
Project("{8BC9CEB8-8B4A-11D0-8D11-00A0C91BC942}") = "TheGraphProgram", "TheGraphProgram\TheGraphProgram.vcxproj", "{AE0260A0-4F7E-42B0-837B-50ED5C605B58}"
EndProject
Project("{8BC9CEB8-8B4A-11D0-8D11-00A0C91BC942}") = "TwoDimensionalArrays", "TwoDimensionalArrays\TwoDimensionalArrays.vcxproj", "{AB727852-B122-4805-B546-10CD98B86977}"
EndProject
Project("{8BC9CEB8-8B4A-11D0-8D11-00A0C91BC942}") = "Structures", "Structures\Structures.vcxproj", "{FA6E67C0-D19B-407A-A3BD-889279AEB9D2}"
EndProject
Project("{8BC9CEB8-8B4A-11D0-8D11-00A0C91BC942}") = "ClassDefinition", "ClassDefinition\ClassDefinition.vcxproj", "{F475EF3A-E2CF-48E5-8D3F-FDD6E3C67B6C}"
EndProject
Project("{8BC9CEB8-8B4A-11D0-8D11-00A0C91BC942}") = "BankAccountClass", "BankAccountClass\BankAccountClass.vcxproj", "{AC1CCA31-9EE9-4CC7-AA6A-7F799F9FF9BE}"
EndProject
Project("{8BC9CEB8-8B4A-11D0-8D11-00A0C91BC942}") = "Question_1", "Question_1\Question_1.vcxproj", "{B8A9CD2C-BC9E-4778-8688-02D160AE4B75}"
EndProject
Project("{8BC9CEB8-8B4A-11D0-8D11-00A0C91BC942}") = "BankAcountADT", "BankAcountADT\BankAcountADT.vcxproj", "{06D68E78-6F57-46CA-A186-C9C94D830663}"
EndProject
Project("{8BC9CEB8-8B4A-11D0-8D11-00A0C91BC942}") = "IntroToInheritance", "IntroToInheritance\IntroToInheritance.vcxproj", "{EC6F485E-F1BF-4FAF-B859-F74C7C27DDAB}"
EndProject
Project("{8BC9CEB8-8B4A-11D0-8D11-00A0C91BC942}") = "Equality", "Equality\Equality.vcxproj", "{4C456F42-0E6E-4573-8AF7-D64D4CB93B3C}"
EndProject
Project("{8BC9CEB8-8B4A-11D0-8D11-00A0C91BC942}") = "FriendFunctions", "FriendFunctions\FriendFunctions.vcxproj", "{60BE99CB-8FD6-4780-8157-3B87D378140E}"
EndProject
Project("{8BC9CEB8-8B4A-11D0-8D11-00A0C91BC942}") = "MoneyClass", "MoneyClass\MoneyClass.vcxproj", "{97B77072-04C5-4AD5-BDF7-3A13CC14E98D}"
EndProject
Project("{8BC9CEB8-8B4A-11D0-8D11-00A0C91BC942}") = "OperatorOverloading", "OperatorOverloading\OperatorOverloading.vcxproj", "{C508DB43-52A9-4E0C-B91C-4EAD16B43E52}"
EndProject
Project("{8BC9CEB8-8B4A-11D0-8D11-00A0C91BC942}") = "ArraysAndClasses", "ArraysAndClasses\ArraysAndClasses.vcxproj", "{5F3A0C86-800E-456B-B3CB-682B138C3566}"
EndProject
Global
	GlobalSection(SolutionConfigurationPlatforms) = preSolution
		Debug|x64 = Debug|x64
		Debug|x86 = Debug|x86
		Release|x64 = Release|x64
		Release|x86 = Release|x86
	EndGlobalSection
	GlobalSection(ProjectConfigurationPlatforms) = postSolution
		{F17A7083-4F3C-4C61-BD51-50B65944A18C}.Debug|x64.ActiveCfg = Debug|x64
		{F17A7083-4F3C-4C61-BD51-50B65944A18C}.Debug|x64.Build.0 = Debug|x64
		{F17A7083-4F3C-4C61-BD51-50B65944A18C}.Debug|x86.ActiveCfg = Debug|Win32
		{F17A7083-4F3C-4C61-BD51-50B65944A18C}.Debug|x86.Build.0 = Debug|Win32
		{F17A7083-4F3C-4C61-BD51-50B65944A18C}.Release|x64.ActiveCfg = Release|x64
		{F17A7083-4F3C-4C61-BD51-50B65944A18C}.Release|x64.Build.0 = Release|x64
		{F17A7083-4F3C-4C61-BD51-50B65944A18C}.Release|x86.ActiveCfg = Release|Win32
		{F17A7083-4F3C-4C61-BD51-50B65944A18C}.Release|x86.Build.0 = Release|Win32
		{0CE7DF27-D419-4E3E-AAC4-5A8BEDDD1A1F}.Debug|x64.ActiveCfg = Debug|x64
		{0CE7DF27-D419-4E3E-AAC4-5A8BEDDD1A1F}.Debug|x64.Build.0 = Debug|x64
		{0CE7DF27-D419-4E3E-AAC4-5A8BEDDD1A1F}.Debug|x86.ActiveCfg = Debug|Win32
		{0CE7DF27-D419-4E3E-AAC4-5A8BEDDD1A1F}.Debug|x86.Build.0 = Debug|Win32
		{0CE7DF27-D419-4E3E-AAC4-5A8BEDDD1A1F}.Release|x64.ActiveCfg = Release|x64
		{0CE7DF27-D419-4E3E-AAC4-5A8BEDDD1A1F}.Release|x64.Build.0 = Release|x64
		{0CE7DF27-D419-4E3E-AAC4-5A8BEDDD1A1F}.Release|x86.ActiveCfg = Release|Win32
		{0CE7DF27-D419-4E3E-AAC4-5A8BEDDD1A1F}.Release|x86.Build.0 = Release|Win32
		{69A57FA4-6FC9-406E-BF79-6E28AC9BA933}.Debug|x64.ActiveCfg = Debug|x64
		{69A57FA4-6FC9-406E-BF79-6E28AC9BA933}.Debug|x64.Build.0 = Debug|x64
		{69A57FA4-6FC9-406E-BF79-6E28AC9BA933}.Debug|x86.ActiveCfg = Debug|Win32
		{69A57FA4-6FC9-406E-BF79-6E28AC9BA933}.Debug|x86.Build.0 = Debug|Win32
		{69A57FA4-6FC9-406E-BF79-6E28AC9BA933}.Release|x64.ActiveCfg = Release|x64
		{69A57FA4-6FC9-406E-BF79-6E28AC9BA933}.Release|x64.Build.0 = Release|x64
		{69A57FA4-6FC9-406E-BF79-6E28AC9BA933}.Release|x86.ActiveCfg = Release|Win32
		{69A57FA4-6FC9-406E-BF79-6E28AC9BA933}.Release|x86.Build.0 = Release|Win32
		{AE0260A0-4F7E-42B0-837B-50ED5C605B58}.Debug|x64.ActiveCfg = Debug|x64
		{AE0260A0-4F7E-42B0-837B-50ED5C605B58}.Debug|x64.Build.0 = Debug|x64
		{AE0260A0-4F7E-42B0-837B-50ED5C605B58}.Debug|x86.ActiveCfg = Debug|Win32
		{AE0260A0-4F7E-42B0-837B-50ED5C605B58}.Debug|x86.Build.0 = Debug|Win32
		{AE0260A0-4F7E-42B0-837B-50ED5C605B58}.Release|x64.ActiveCfg = Release|x64
		{AE0260A0-4F7E-42B0-837B-50ED5C605B58}.Release|x64.Build.0 = Release|x64
		{AE0260A0-4F7E-42B0-837B-50ED5C605B58}.Release|x86.ActiveCfg = Release|Win32
		{AE0260A0-4F7E-42B0-837B-50ED5C605B58}.Release|x86.Build.0 = Release|Win32
		{AB727852-B122-4805-B546-10CD98B86977}.Debug|x64.ActiveCfg = Debug|x64
		{AB727852-B122-4805-B546-10CD98B86977}.Debug|x64.Build.0 = Debug|x64
		{AB727852-B122-4805-B546-10CD98B86977}.Debug|x86.ActiveCfg = Debug|Win32
		{AB727852-B122-4805-B546-10CD98B86977}.Debug|x86.Build.0 = Debug|Win32
		{AB727852-B122-4805-B546-10CD98B86977}.Release|x64.ActiveCfg = Release|x64
		{AB727852-B122-4805-B546-10CD98B86977}.Release|x64.Build.0 = Release|x64
		{AB727852-B122-4805-B546-10CD98B86977}.Release|x86.ActiveCfg = Release|Win32
		{AB727852-B122-4805-B546-10CD98B86977}.Release|x86.Build.0 = Release|Win32
		{FA6E67C0-D19B-407A-A3BD-889279AEB9D2}.Debug|x64.ActiveCfg = Debug|x64
		{FA6E67C0-D19B-407A-A3BD-889279AEB9D2}.Debug|x64.Build.0 = Debug|x64
		{FA6E67C0-D19B-407A-A3BD-889279AEB9D2}.Debug|x86.ActiveCfg = Debug|Win32
		{FA6E67C0-D19B-407A-A3BD-889279AEB9D2}.Debug|x86.Build.0 = Debug|Win32
		{FA6E67C0-D19B-407A-A3BD-889279AEB9D2}.Release|x64.ActiveCfg = Release|x64
		{FA6E67C0-D19B-407A-A3BD-889279AEB9D2}.Release|x64.Build.0 = Release|x64
		{FA6E67C0-D19B-407A-A3BD-889279AEB9D2}.Release|x86.ActiveCfg = Release|Win32
		{FA6E67C0-D19B-407A-A3BD-889279AEB9D2}.Release|x86.Build.0 = Release|Win32
		{F475EF3A-E2CF-48E5-8D3F-FDD6E3C67B6C}.Debug|x64.ActiveCfg = Debug|x64
		{F475EF3A-E2CF-48E5-8D3F-FDD6E3C67B6C}.Debug|x64.Build.0 = Debug|x64
		{F475EF3A-E2CF-48E5-8D3F-FDD6E3C67B6C}.Debug|x86.ActiveCfg = Debug|Win32
		{F475EF3A-E2CF-48E5-8D3F-FDD6E3C67B6C}.Debug|x86.Build.0 = Debug|Win32
		{F475EF3A-E2CF-48E5-8D3F-FDD6E3C67B6C}.Release|x64.ActiveCfg = Release|x64
		{F475EF3A-E2CF-48E5-8D3F-FDD6E3C67B6C}.Release|x64.Build.0 = Release|x64
		{F475EF3A-E2CF-48E5-8D3F-FDD6E3C67B6C}.Release|x86.ActiveCfg = Release|Win32
		{F475EF3A-E2CF-48E5-8D3F-FDD6E3C67B6C}.Release|x86.Build.0 = Release|Win32
		{AC1CCA31-9EE9-4CC7-AA6A-7F799F9FF9BE}.Debug|x64.ActiveCfg = Debug|x64
		{AC1CCA31-9EE9-4CC7-AA6A-7F799F9FF9BE}.Debug|x64.Build.0 = Debug|x64
		{AC1CCA31-9EE9-4CC7-AA6A-7F799F9FF9BE}.Debug|x86.ActiveCfg = Debug|Win32
		{AC1CCA31-9EE9-4CC7-AA6A-7F799F9FF9BE}.Debug|x86.Build.0 = Debug|Win32
		{AC1CCA31-9EE9-4CC7-AA6A-7F799F9FF9BE}.Release|x64.ActiveCfg = Release|x64
		{AC1CCA31-9EE9-4CC7-AA6A-7F799F9FF9BE}.Release|x64.Build.0 = Release|x64
		{AC1CCA31-9EE9-4CC7-AA6A-7F799F9FF9BE}.Release|x86.ActiveCfg = Release|Win32
		{AC1CCA31-9EE9-4CC7-AA6A-7F799F9FF9BE}.Release|x86.Build.0 = Release|Win32
		{B8A9CD2C-BC9E-4778-8688-02D160AE4B75}.Debug|x64.ActiveCfg = Debug|x64
		{B8A9CD2C-BC9E-4778-8688-02D160AE4B75}.Debug|x64.Build.0 = Debug|x64
		{B8A9CD2C-BC9E-4778-8688-02D160AE4B75}.Debug|x86.ActiveCfg = Debug|Win32
		{B8A9CD2C-BC9E-4778-8688-02D160AE4B75}.Debug|x86.Build.0 = Debug|Win32
		{B8A9CD2C-BC9E-4778-8688-02D160AE4B75}.Release|x64.ActiveCfg = Release|x64
		{B8A9CD2C-BC9E-4778-8688-02D160AE4B75}.Release|x64.Build.0 = Release|x64
		{B8A9CD2C-BC9E-4778-8688-02D160AE4B75}.Release|x86.ActiveCfg = Release|Win32
		{B8A9CD2C-BC9E-4778-8688-02D160AE4B75}.Release|x86.Build.0 = Release|Win32
		{06D68E78-6F57-46CA-A186-C9C94D830663}.Debug|x64.ActiveCfg = Debug|x64
		{06D68E78-6F57-46CA-A186-C9C94D830663}.Debug|x64.Build.0 = Debug|x64
		{06D68E78-6F57-46CA-A186-C9C94D830663}.Debug|x86.ActiveCfg = Debug|Win32
		{06D68E78-6F57-46CA-A186-C9C94D830663}.Debug|x86.Build.0 = Debug|Win32
		{06D68E78-6F57-46CA-A186-C9C94D830663}.Release|x64.ActiveCfg = Release|x64
		{06D68E78-6F57-46CA-A186-C9C94D830663}.Release|x64.Build.0 = Release|x64
		{06D68E78-6F57-46CA-A186-C9C94D830663}.Release|x86.ActiveCfg = Release|Win32
		{06D68E78-6F57-46CA-A186-C9C94D830663}.Release|x86.Build.0 = Release|Win32
		{EC6F485E-F1BF-4FAF-B859-F74C7C27DDAB}.Debug|x64.ActiveCfg = Debug|x64
		{EC6F485E-F1BF-4FAF-B859-F74C7C27DDAB}.Debug|x64.Build.0 = Debug|x64
		{EC6F485E-F1BF-4FAF-B859-F74C7C27DDAB}.Debug|x86.ActiveCfg = Debug|Win32
		{EC6F485E-F1BF-4FAF-B859-F74C7C27DDAB}.Debug|x86.Build.0 = Debug|Win32
		{EC6F485E-F1BF-4FAF-B859-F74C7C27DDAB}.Release|x64.ActiveCfg = Release|x64
		{EC6F485E-F1BF-4FAF-B859-F74C7C27DDAB}.Release|x64.Build.0 = Release|x64
		{EC6F485E-F1BF-4FAF-B859-F74C7C27DDAB}.Release|x86.ActiveCfg = Release|Win32
		{EC6F485E-F1BF-4FAF-B859-F74C7C27DDAB}.Release|x86.Build.0 = Release|Win32
		{4C456F42-0E6E-4573-8AF7-D64D4CB93B3C}.Debug|x64.ActiveCfg = Debug|x64
		{4C456F42-0E6E-4573-8AF7-D64D4CB93B3C}.Debug|x64.Build.0 = Debug|x64
		{4C456F42-0E6E-4573-8AF7-D64D4CB93B3C}.Debug|x86.ActiveCfg = Debug|Win32
		{4C456F42-0E6E-4573-8AF7-D64D4CB93B3C}.Debug|x86.Build.0 = Debug|Win32
		{4C456F42-0E6E-4573-8AF7-D64D4CB93B3C}.Release|x64.ActiveCfg = Release|x64
		{4C456F42-0E6E-4573-8AF7-D64D4CB93B3C}.Release|x64.Build.0 = Release|x64
		{4C456F42-0E6E-4573-8AF7-D64D4CB93B3C}.Release|x86.ActiveCfg = Release|Win32
		{4C456F42-0E6E-4573-8AF7-D64D4CB93B3C}.Release|x86.Build.0 = Release|Win32
		{60BE99CB-8FD6-4780-8157-3B87D378140E}.Debug|x64.ActiveCfg = Debug|x64
		{60BE99CB-8FD6-4780-8157-3B87D378140E}.Debug|x64.Build.0 = Debug|x64
		{60BE99CB-8FD6-4780-8157-3B87D378140E}.Debug|x86.ActiveCfg = Debug|Win32
		{60BE99CB-8FD6-4780-8157-3B87D378140E}.Debug|x86.Build.0 = Debug|Win32
		{60BE99CB-8FD6-4780-8157-3B87D378140E}.Release|x64.ActiveCfg = Release|x64
		{60BE99CB-8FD6-4780-8157-3B87D378140E}.Release|x64.Build.0 = Release|x64
		{60BE99CB-8FD6-4780-8157-3B87D378140E}.Release|x86.ActiveCfg = Release|Win32
		{60BE99CB-8FD6-4780-8157-3B87D378140E}.Release|x86.Build.0 = Release|Win32
		{97B77072-04C5-4AD5-BDF7-3A13CC14E98D}.Debug|x64.ActiveCfg = Debug|x64
		{97B77072-04C5-4AD5-BDF7-3A13CC14E98D}.Debug|x64.Build.0 = Debug|x64
		{97B77072-04C5-4AD5-BDF7-3A13CC14E98D}.Debug|x86.ActiveCfg = Debug|Win32
		{97B77072-04C5-4AD5-BDF7-3A13CC14E98D}.Debug|x86.Build.0 = Debug|Win32
		{97B77072-04C5-4AD5-BDF7-3A13CC14E98D}.Release|x64.ActiveCfg = Release|x64
		{97B77072-04C5-4AD5-BDF7-3A13CC14E98D}.Release|x64.Build.0 = Release|x64
		{97B77072-04C5-4AD5-BDF7-3A13CC14E98D}.Release|x86.ActiveCfg = Release|Win32
		{97B77072-04C5-4AD5-BDF7-3A13CC14E98D}.Release|x86.Build.0 = Release|Win32
		{C508DB43-52A9-4E0C-B91C-4EAD16B43E52}.Debug|x64.ActiveCfg = Debug|x64
		{C508DB43-52A9-4E0C-B91C-4EAD16B43E52}.Debug|x64.Build.0 = Debug|x64
		{C508DB43-52A9-4E0C-B91C-4EAD16B43E52}.Debug|x86.ActiveCfg = Debug|Win32
		{C508DB43-52A9-4E0C-B91C-4EAD16B43E52}.Debug|x86.Build.0 = Debug|Win32
		{C508DB43-52A9-4E0C-B91C-4EAD16B43E52}.Release|x64.ActiveCfg = Release|x64
		{C508DB43-52A9-4E0C-B91C-4EAD16B43E52}.Release|x64.Build.0 = Release|x64
		{C508DB43-52A9-4E0C-B91C-4EAD16B43E52}.Release|x86.ActiveCfg = Release|Win32
		{C508DB43-52A9-4E0C-B91C-4EAD16B43E52}.Release|x86.Build.0 = Release|Win32
		{5F3A0C86-800E-456B-B3CB-682B138C3566}.Debug|x64.ActiveCfg = Debug|x64
		{5F3A0C86-800E-456B-B3CB-682B138C3566}.Debug|x64.Build.0 = Debug|x64
		{5F3A0C86-800E-456B-B3CB-682B138C3566}.Debug|x86.ActiveCfg = Debug|Win32
		{5F3A0C86-800E-456B-B3CB-682B138C3566}.Debug|x86.Build.0 = Debug|Win32
		{5F3A0C86-800E-456B-B3CB-682B138C3566}.Release|x64.ActiveCfg = Release|x64
		{5F3A0C86-800E-456B-B3CB-682B138C3566}.Release|x64.Build.0 = Release|x64
		{5F3A0C86-800E-456B-B3CB-682B138C3566}.Release|x86.ActiveCfg = Release|Win32
		{5F3A0C86-800E-456B-B3CB-682B138C3566}.Release|x86.Build.0 = Release|Win32
	EndGlobalSection
	GlobalSection(SolutionProperties) = preSolution
		HideSolutionNode = FALSE
	EndGlobalSection
	GlobalSection(ExtensibilityGlobals) = postSolution
		SolutionGuid = {6FF002AC-46F0-4808-ABFF-E50E3B68BB53}
	EndGlobalSection
EndGlobal
