
Microsoft Visual Studio Solution File, Format Version 12.00
# Visual Studio Version 16
VisualStudioVersion = 16.0.29102.190
MinimumVisualStudioVersion = 10.0.40219.1
Project("{8BC9CEB8-8B4A-11D0-8D11-00A0C91BC942}") = "UsingAnArray", "UsingAnArray\UsingAnArray.vcxproj", "{F17A7083-4F3C-4C61-BD51-50B65944A18C}"
EndProject
Project("{8BC9CEB8-8B4A-11D0-8D11-00A0C91BC942}") = "IndexedVariableAsArgument", "IndexedVariableAsArgument\IndexedVariableAsArgument.vcxproj", "{0CE7DF27-D419-4E3E-AAC4-5A8BEDDD1A1F}"
EndProject
Project("{8BC9CEB8-8B4A-11D0-8D11-00A0C91BC942}") = "FunctionWihArrayParameter", "FunctionWihArrayParameter\FunctionWihArrayParameter.vcxproj", "{69A57FA4-6FC9-406E-BF79-6E28AC9BA933}"
EndProject
Project("{8BC9CEB8-8B4A-11D0-8D11-00A0C91BC942}") = "TheGraphProgram", "TheGraphProgram\TheGraphProgram.vcxproj", "{AE0260A0-4F7E-42B0-837B-50ED5C605B58}"
EndProject
Project("{8BC9CEB8-8B4A-11D0-8D11-00A0C91BC942}") = "PartiallyFilledArray", "PartiallyFilledArray\PartiallyFilledArray.vcxproj", "{80D659FA-D21C-41EC-8550-30B0FB53E372}"
EndProject
Project("{8BC9CEB8-8B4A-11D0-8D11-00A0C91BC942}") = "TwoDimensionalArrays", "TwoDimensionalArrays\TwoDimensionalArrays.vcxproj", "{AB727852-B122-4805-B546-10CD98B86977}"
EndProject
Project("{8BC9CEB8-8B4A-11D0-8D11-00A0C91BC942}") = "Structures", "Structures\Structures.vcxproj", "{FA6E67C0-D19B-407A-A3BD-889279AEB9D2}"
EndProject
Project("{8BC9CEB8-8B4A-11D0-8D11-00A0C91BC942}") = "ClassDefinition", "ClassDefinition\ClassDefinition.vcxproj", "{F475EF3A-E2CF-48E5-8D3F-FDD6E3C67B6C}"
EndProject
Global
	GlobalSection(SolutionConfigurationPlatforms) = preSolution
		Debug|x64 = Debug|x64
		Debug|x86 = Debug|x86
		Release|x64 = Release|x64
		Release|x86 = Release|x86
	EndGlobalSection
	GlobalSection(ProjectConfigurationPlatforms) = postSolution
		{F17A7083-4F3C-4C61-BD51-50B65944A18C}.Debug|x64.ActiveCfg = Debug|x64
		{F17A7083-4F3C-4C61-BD51-50B65944A18C}.Debug|x64.Build.0 = Debug|x64
		{F17A7083-4F3C-4C61-BD51-50B65944A18C}.Debug|x86.ActiveCfg = Debug|Win32
		{F17A7083-4F3C-4C61-BD51-50B65944A18C}.Debug|x86.Build.0 = Debug|Win32
		{F17A7083-4F3C-4C61-BD51-50B65944A18C}.Release|x64.ActiveCfg = Release|x64
		{F17A7083-4F3C-4C61-BD51-50B65944A18C}.Release|x64.Build.0 = Release|x64
		{F17A7083-4F3C-4C61-BD51-50B65944A18C}.Release|x86.ActiveCfg = Release|Win32
		{F17A7083-4F3C-4C61-BD51-50B65944A18C}.Release|x86.Build.0 = Release|Win32
		{0CE7DF27-D419-4E3E-AAC4-5A8BEDDD1A1F}.Debug|x64.ActiveCfg = Debug|x64
		{0CE7DF27-D419-4E3E-AAC4-5A8BEDDD1A1F}.Debug|x64.Build.0 = Debug|x64
		{0CE7DF27-D419-4E3E-AAC4-5A8BEDDD1A1F}.Debug|x86.ActiveCfg = Debug|Win32
		{0CE7DF27-D419-4E3E-AAC4-5A8BEDDD1A1F}.Debug|x86.Build.0 = Debug|Win32
		{0CE7DF27-D419-4E3E-AAC4-5A8BEDDD1A1F}.Release|x64.ActiveCfg = Release|x64
		{0CE7DF27-D419-4E3E-AAC4-5A8BEDDD1A1F}.Release|x64.Build.0 = Release|x64
		{0CE7DF27-D419-4E3E-AAC4-5A8BEDDD1A1F}.Release|x86.ActiveCfg = Release|Win32
		{0CE7DF27-D419-4E3E-AAC4-5A8BEDDD1A1F}.Release|x86.Build.0 = Release|Win32
		{69A57FA4-6FC9-406E-BF79-6E28AC9BA933}.Debug|x64.ActiveCfg = Debug|x64
		{69A57FA4-6FC9-406E-BF79-6E28AC9BA933}.Debug|x64.Build.0 = Debug|x64
		{69A57FA4-6FC9-406E-BF79-6E28AC9BA933}.Debug|x86.ActiveCfg = Debug|Win32
		{69A57FA4-6FC9-406E-BF79-6E28AC9BA933}.Debug|x86.Build.0 = Debug|Win32
		{69A57FA4-6FC9-406E-BF79-6E28AC9BA933}.Release|x64.ActiveCfg = Release|x64
		{69A57FA4-6FC9-406E-BF79-6E28AC9BA933}.Release|x64.Build.0 = Release|x64
		{69A57FA4-6FC9-406E-BF79-6E28AC9BA933}.Release|x86.ActiveCfg = Release|Win32
		{69A57FA4-6FC9-406E-BF79-6E28AC9BA933}.Release|x86.Build.0 = Release|Win32
		{AE0260A0-4F7E-42B0-837B-50ED5C605B58}.Debug|x64.ActiveCfg = Debug|x64
		{AE0260A0-4F7E-42B0-837B-50ED5C605B58}.Debug|x64.Build.0 = Debug|x64
		{AE0260A0-4F7E-42B0-837B-50ED5C605B58}.Debug|x86.ActiveCfg = Debug|Win32
		{AE0260A0-4F7E-42B0-837B-50ED5C605B58}.Debug|x86.Build.0 = Debug|Win32
		{AE0260A0-4F7E-42B0-837B-50ED5C605B58}.Release|x64.ActiveCfg = Release|x64
		{AE0260A0-4F7E-42B0-837B-50ED5C605B58}.Release|x64.Build.0 = Release|x64
		{AE0260A0-4F7E-42B0-837B-50ED5C605B58}.Release|x86.ActiveCfg = Release|Win32
		{AE0260A0-4F7E-42B0-837B-50ED5C605B58}.Release|x86.Build.0 = Release|Win32
		{80D659FA-D21C-41EC-8550-30B0FB53E372}.Debug|x64.ActiveCfg = Debug|x64
		{80D659FA-D21C-41EC-8550-30B0FB53E372}.Debug|x64.Build.0 = Debug|x64
		{80D659FA-D21C-41EC-8550-30B0FB53E372}.Debug|x86.ActiveCfg = Debug|Win32
		{80D659FA-D21C-41EC-8550-30B0FB53E372}.Debug|x86.Build.0 = Debug|Win32
		{80D659FA-D21C-41EC-8550-30B0FB53E372}.Release|x64.ActiveCfg = Release|x64
		{80D659FA-D21C-41EC-8550-30B0FB53E372}.Release|x64.Build.0 = Release|x64
		{80D659FA-D21C-41EC-8550-30B0FB53E372}.Release|x86.ActiveCfg = Release|Win32
		{80D659FA-D21C-41EC-8550-30B0FB53E372}.Release|x86.Build.0 = Release|Win32
		{AB727852-B122-4805-B546-10CD98B86977}.Debug|x64.ActiveCfg = Debug|x64
		{AB727852-B122-4805-B546-10CD98B86977}.Debug|x64.Build.0 = Debug|x64
		{AB727852-B122-4805-B546-10CD98B86977}.Debug|x86.ActiveCfg = Debug|Win32
		{AB727852-B122-4805-B546-10CD98B86977}.Debug|x86.Build.0 = Debug|Win32
		{AB727852-B122-4805-B546-10CD98B86977}.Release|x64.ActiveCfg = Release|x64
		{AB727852-B122-4805-B546-10CD98B86977}.Release|x64.Build.0 = Release|x64
		{AB727852-B122-4805-B546-10CD98B86977}.Release|x86.ActiveCfg = Release|Win32
		{AB727852-B122-4805-B546-10CD98B86977}.Release|x86.Build.0 = Release|Win32
		{FA6E67C0-D19B-407A-A3BD-889279AEB9D2}.Debug|x64.ActiveCfg = Debug|x64
		{FA6E67C0-D19B-407A-A3BD-889279AEB9D2}.Debug|x64.Build.0 = Debug|x64
		{FA6E67C0-D19B-407A-A3BD-889279AEB9D2}.Debug|x86.ActiveCfg = Debug|Win32
		{FA6E67C0-D19B-407A-A3BD-889279AEB9D2}.Debug|x86.Build.0 = Debug|Win32
		{FA6E67C0-D19B-407A-A3BD-889279AEB9D2}.Release|x64.ActiveCfg = Release|x64
		{FA6E67C0-D19B-407A-A3BD-889279AEB9D2}.Release|x64.Build.0 = Release|x64
		{FA6E67C0-D19B-407A-A3BD-889279AEB9D2}.Release|x86.ActiveCfg = Release|Win32
		{FA6E67C0-D19B-407A-A3BD-889279AEB9D2}.Release|x86.Build.0 = Release|Win32
		{F475EF3A-E2CF-48E5-8D3F-FDD6E3C67B6C}.Debug|x64.ActiveCfg = Debug|x64
		{F475EF3A-E2CF-48E5-8D3F-FDD6E3C67B6C}.Debug|x64.Build.0 = Debug|x64
		{F475EF3A-E2CF-48E5-8D3F-FDD6E3C67B6C}.Debug|x86.ActiveCfg = Debug|Win32
		{F475EF3A-E2CF-48E5-8D3F-FDD6E3C67B6C}.Debug|x86.Build.0 = Debug|Win32
		{F475EF3A-E2CF-48E5-8D3F-FDD6E3C67B6C}.Release|x64.ActiveCfg = Release|x64
		{F475EF3A-E2CF-48E5-8D3F-FDD6E3C67B6C}.Release|x64.Build.0 = Release|x64
		{F475EF3A-E2CF-48E5-8D3F-FDD6E3C67B6C}.Release|x86.ActiveCfg = Release|Win32
		{F475EF3A-E2CF-48E5-8D3F-FDD6E3C67B6C}.Release|x86.Build.0 = Release|Win32
	EndGlobalSection
	GlobalSection(SolutionProperties) = preSolution
		HideSolutionNode = FALSE
	EndGlobalSection
	GlobalSection(ExtensibilityGlobals) = postSolution
		SolutionGuid = {6FF002AC-46F0-4808-ABFF-E50E3B68BB53}
	EndGlobalSection
EndGlobal
